
Microsoft Visual Studio Solution File, Format Version 12.00
# Visual Studio Version 17
VisualStudioVersion = 17.7.34031.279
MinimumVisualStudioVersion = 10.0.40219.1
Project("{FAE04EC0-301F-11D3-BF4B-00C04F79EFBC}") = "FindTwoHighest", "FindTwoHighest.csproj", "{C9CD6BE7-F2AC-4E3A-B8CC-CCABCAC271BC}"
EndProject
Global
	GlobalSection(SolutionConfigurationPlatforms) = preSolution
		Debug|Any CPU = Debug|Any CPU
		Release|Any CPU = Release|Any CPU
	EndGlobalSection
	GlobalSection(ProjectConfigurationPlatforms) = postSolution
		{C9CD6BE7-F2AC-4E3A-B8CC-CCABCAC271BC}.Debug|Any CPU.ActiveCfg = Debug|Any CPU
		{C9CD6BE7-F2AC-4E3A-B8CC-CCABCAC271BC}.Debug|Any CPU.Build.0 = Debug|Any CPU
		{C9CD6BE7-F2AC-4E3A-B8CC-CCABCAC271BC}.Release|Any CPU.ActiveCfg = Release|Any CPU
		{C9CD6BE7-F2AC-4E3A-B8CC-CCABCAC271BC}.Release|Any CPU.Build.0 = Release|Any CPU
	EndGlobalSection
	GlobalSection(SolutionProperties) = preSolution
		HideSolutionNode = FALSE
	EndGlobalSection
	GlobalSection(ExtensibilityGlobals) = postSolution
		SolutionGuid = {83C45B0E-604F-4A7F-BBEB-EDF282BFF341}
	EndGlobalSection
EndGlobal
